
Microsoft Visual Studio Solution File, Format Version 12.00
# Visual Studio Version 16
VisualStudioVersion = 16.0.29519.87
MinimumVisualStudioVersion = 10.0.40219.1
Project("{FAE04EC0-301F-11D3-BF4B-00C04F79EFBC}") = "ConfigurationManager", "ConfigurationManager\ConfigurationManager.csproj", "{67200EC6-32AC-4038-AA0F-B9E5F95E42C8}"
EndProject
Project("{FAE04EC0-301F-11D3-BF4B-00C04F79EFBC}") = "ConfigurationManager.Tests", "ConfigurationManager.Tests\ConfigurationManager.Tests.csproj", "{1FF69C2A-4B7A-4183-B31C-4A8B18C1D040}"
EndProject
Project("{FAE04EC0-301F-11D3-BF4B-00C04F79EFBC}") = "ConfigurationManager.Demo", "ConfigurationManager.Demo\ConfigurationManager.Demo.csproj", "{9BFD82AE-04C6-4DCB-B0A3-891D296A0353}"
EndProject
Global
	GlobalSection(SolutionConfigurationPlatforms) = preSolution
		Debug|Any CPU = Debug|Any CPU
		Release|Any CPU = Release|Any CPU
	EndGlobalSection
	GlobalSection(ProjectConfigurationPlatforms) = postSolution
		{67200EC6-32AC-4038-AA0F-B9E5F95E42C8}.Debug|Any CPU.ActiveCfg = Debug|Any CPU
		{67200EC6-32AC-4038-AA0F-B9E5F95E42C8}.Debug|Any CPU.Build.0 = Debug|Any CPU
		{67200EC6-32AC-4038-AA0F-B9E5F95E42C8}.Release|Any CPU.ActiveCfg = Release|Any CPU
		{67200EC6-32AC-4038-AA0F-B9E5F95E42C8}.Release|Any CPU.Build.0 = Release|Any CPU
		{1FF69C2A-4B7A-4183-B31C-4A8B18C1D040}.Debug|Any CPU.ActiveCfg = Debug|Any CPU
		{1FF69C2A-4B7A-4183-B31C-4A8B18C1D040}.Debug|Any CPU.Build.0 = Debug|Any CPU
		{1FF69C2A-4B7A-4183-B31C-4A8B18C1D040}.Release|Any CPU.ActiveCfg = Release|Any CPU
		{1FF69C2A-4B7A-4183-B31C-4A8B18C1D040}.Release|Any CPU.Build.0 = Release|Any CPU
		{9BFD82AE-04C6-4DCB-B0A3-891D296A0353}.Debug|Any CPU.ActiveCfg = Debug|Any CPU
		{9BFD82AE-04C6-4DCB-B0A3-891D296A0353}.Debug|Any CPU.Build.0 = Debug|Any CPU
		{9BFD82AE-04C6-4DCB-B0A3-891D296A0353}.Release|Any CPU.ActiveCfg = Release|Any CPU
		{9BFD82AE-04C6-4DCB-B0A3-891D296A0353}.Release|Any CPU.Build.0 = Release|Any CPU
	EndGlobalSection
	GlobalSection(SolutionProperties) = preSolution
		HideSolutionNode = FALSE
	EndGlobalSection
	GlobalSection(ExtensibilityGlobals) = postSolution
		SolutionGuid = {F54AD1D4-228D-41B2-B4D3-3374EB81BA33}
	EndGlobalSection
EndGlobal
