
Microsoft Visual Studio Solution File, Format Version 12.00
Project("{F2A71F9B-5D33-465A-A702-920D77279786}") = "ConfigurationProvider", "ConfigurationProvider\ConfigurationProvider.fsproj", "{E6364714-E379-4C33-818E-2A837411D110}"
EndProject
Global
	GlobalSection(SolutionConfigurationPlatforms) = preSolution
		Debug|Any CPU = Debug|Any CPU
		Release|Any CPU = Release|Any CPU
	EndGlobalSection
	GlobalSection(ProjectConfigurationPlatforms) = postSolution
		{E6364714-E379-4C33-818E-2A837411D110}.Debug|Any CPU.ActiveCfg = Debug|Any CPU
		{E6364714-E379-4C33-818E-2A837411D110}.Debug|Any CPU.Build.0 = Debug|Any CPU
		{E6364714-E379-4C33-818E-2A837411D110}.Release|Any CPU.ActiveCfg = Release|Any CPU
		{E6364714-E379-4C33-818E-2A837411D110}.Release|Any CPU.Build.0 = Release|Any CPU
	EndGlobalSection
EndGlobal
